
Microsoft Visual Studio Solution File, Format Version 12.00
# Visual Studio Version 16
VisualStudioVersion = 16.0.28922.388
MinimumVisualStudioVersion = 10.0.40219.1
Project("{8BC9CEB8-8B4A-11D0-8D11-00A0C91BC942}") = "KeyLoggerHooks", "KeyLoggerHooks\KeyLoggerHooks.vcxproj", "{4C8D845E-90E6-470B-91E1-DF4822E55679}"
EndProject
Global
	GlobalSection(SolutionConfigurationPlatforms) = preSolution
		Debug|x64 = Debug|x64
		Debug|x86 = Debug|x86
		Release|x64 = Release|x64
		Release|x86 = Release|x86
	EndGlobalSection
	GlobalSection(ProjectConfigurationPlatforms) = postSolution
		{4C8D845E-90E6-470B-91E1-DF4822E55679}.Debug|x64.ActiveCfg = Debug|x64
		{4C8D845E-90E6-470B-91E1-DF4822E55679}.Debug|x64.Build.0 = Debug|x64
		{4C8D845E-90E6-470B-91E1-DF4822E55679}.Debug|x86.ActiveCfg = Debug|Win32
		{4C8D845E-90E6-470B-91E1-DF4822E55679}.Debug|x86.Build.0 = Debug|Win32
		{4C8D845E-90E6-470B-91E1-DF4822E55679}.Release|x64.ActiveCfg = Release|x64
		{4C8D845E-90E6-470B-91E1-DF4822E55679}.Release|x64.Build.0 = Release|x64
		{4C8D845E-90E6-470B-91E1-DF4822E55679}.Release|x86.ActiveCfg = Release|Win32
		{4C8D845E-90E6-470B-91E1-DF4822E55679}.Release|x86.Build.0 = Release|Win32
	EndGlobalSection
	GlobalSection(SolutionProperties) = preSolution
		HideSolutionNode = FALSE
	EndGlobalSection
	GlobalSection(ExtensibilityGlobals) = postSolution
		SolutionGuid = {C5DE5EB6-68A5-4F68-92C2-04A415BD0326}
	EndGlobalSection
EndGlobal
